
Microsoft Visual Studio Solution File, Format Version 12.00
# Visual Studio Version 17
VisualStudioVersion = 17.11.35312.102
MinimumVisualStudioVersion = 10.0.40219.1
Project("{9A19103F-16F7-4668-BE54-9A1E7A4F7556}") = "Omkeren", "Omkeren\Omkeren.csproj", "{045D904C-7F48-40AD-8403-1ACF2DE89773}"
EndProject
Project("{9A19103F-16F7-4668-BE54-9A1E7A4F7556}") = "VergrootArray", "VergrootArray\VergrootArray.csproj", "{7648D2FF-3676-473A-BBEE-0B302015EB00}"
EndProject
Project("{9A19103F-16F7-4668-BE54-9A1E7A4F7556}") = "nullables", "nullables\nullables.csproj", "{DD6AE1B4-7891-473E-9137-F15BAB237B6D}"
EndProject
Project("{9A19103F-16F7-4668-BE54-9A1E7A4F7556}") = "accessors", "accessors\accessors.csproj", "{013D54E6-38F9-4F97-862F-72723F25FBEB}"
EndProject
Project("{9A19103F-16F7-4668-BE54-9A1E7A4F7556}") = "GeneriekeCollecties", "GeneriekeCollecties\GeneriekeCollecties.csproj", "{2F5F5489-8C11-42AD-9C72-259723D4382B}"
EndProject
Project("{9A19103F-16F7-4668-BE54-9A1E7A4F7556}") = "Delegate", "Delegate\Delegate.csproj", "{E7E45D26-BE04-4EB7-AE1E-309642D531DD}"
EndProject
Project("{9A19103F-16F7-4668-BE54-9A1E7A4F7556}") = "Event", "Event\Event.csproj", "{474A9671-9F1C-4DF6-8BD8-9E5F4F3946FE}"
EndProject
Project("{FAE04EC0-301F-11D3-BF4B-00C04F79EFBC}") = "KennismakingEF", "KennismakingEF\KennismakingEF.csproj", "{CFEE96F2-03AF-48CA-AC28-C5EBA6964499}"
EndProject
Project("{FAE04EC0-301F-11D3-BF4B-00C04F79EFBC}") = "Opdracht1", "Opdracht1\Opdracht1.csproj", "{0A2C46C0-E777-403B-B732-0FAE5FE3DADD}"
EndProject
Global
	GlobalSection(SolutionConfigurationPlatforms) = preSolution
		Debug|Any CPU = Debug|Any CPU
		Release|Any CPU = Release|Any CPU
	EndGlobalSection
	GlobalSection(ProjectConfigurationPlatforms) = postSolution
		{045D904C-7F48-40AD-8403-1ACF2DE89773}.Debug|Any CPU.ActiveCfg = Debug|Any CPU
		{045D904C-7F48-40AD-8403-1ACF2DE89773}.Debug|Any CPU.Build.0 = Debug|Any CPU
		{045D904C-7F48-40AD-8403-1ACF2DE89773}.Release|Any CPU.ActiveCfg = Release|Any CPU
		{045D904C-7F48-40AD-8403-1ACF2DE89773}.Release|Any CPU.Build.0 = Release|Any CPU
		{7648D2FF-3676-473A-BBEE-0B302015EB00}.Debug|Any CPU.ActiveCfg = Debug|Any CPU
		{7648D2FF-3676-473A-BBEE-0B302015EB00}.Debug|Any CPU.Build.0 = Debug|Any CPU
		{7648D2FF-3676-473A-BBEE-0B302015EB00}.Release|Any CPU.ActiveCfg = Release|Any CPU
		{7648D2FF-3676-473A-BBEE-0B302015EB00}.Release|Any CPU.Build.0 = Release|Any CPU
		{DD6AE1B4-7891-473E-9137-F15BAB237B6D}.Debug|Any CPU.ActiveCfg = Debug|Any CPU
		{DD6AE1B4-7891-473E-9137-F15BAB237B6D}.Debug|Any CPU.Build.0 = Debug|Any CPU
		{DD6AE1B4-7891-473E-9137-F15BAB237B6D}.Release|Any CPU.ActiveCfg = Release|Any CPU
		{DD6AE1B4-7891-473E-9137-F15BAB237B6D}.Release|Any CPU.Build.0 = Release|Any CPU
		{013D54E6-38F9-4F97-862F-72723F25FBEB}.Debug|Any CPU.ActiveCfg = Debug|Any CPU
		{013D54E6-38F9-4F97-862F-72723F25FBEB}.Debug|Any CPU.Build.0 = Debug|Any CPU
		{013D54E6-38F9-4F97-862F-72723F25FBEB}.Release|Any CPU.ActiveCfg = Release|Any CPU
		{013D54E6-38F9-4F97-862F-72723F25FBEB}.Release|Any CPU.Build.0 = Release|Any CPU
		{2F5F5489-8C11-42AD-9C72-259723D4382B}.Debug|Any CPU.ActiveCfg = Debug|Any CPU
		{2F5F5489-8C11-42AD-9C72-259723D4382B}.Debug|Any CPU.Build.0 = Debug|Any CPU
		{2F5F5489-8C11-42AD-9C72-259723D4382B}.Release|Any CPU.ActiveCfg = Release|Any CPU
		{2F5F5489-8C11-42AD-9C72-259723D4382B}.Release|Any CPU.Build.0 = Release|Any CPU
		{E7E45D26-BE04-4EB7-AE1E-309642D531DD}.Debug|Any CPU.ActiveCfg = Debug|Any CPU
		{E7E45D26-BE04-4EB7-AE1E-309642D531DD}.Debug|Any CPU.Build.0 = Debug|Any CPU
		{E7E45D26-BE04-4EB7-AE1E-309642D531DD}.Release|Any CPU.ActiveCfg = Release|Any CPU
		{E7E45D26-BE04-4EB7-AE1E-309642D531DD}.Release|Any CPU.Build.0 = Release|Any CPU
		{474A9671-9F1C-4DF6-8BD8-9E5F4F3946FE}.Debug|Any CPU.ActiveCfg = Debug|Any CPU
		{474A9671-9F1C-4DF6-8BD8-9E5F4F3946FE}.Debug|Any CPU.Build.0 = Debug|Any CPU
		{474A9671-9F1C-4DF6-8BD8-9E5F4F3946FE}.Release|Any CPU.ActiveCfg = Release|Any CPU
		{474A9671-9F1C-4DF6-8BD8-9E5F4F3946FE}.Release|Any CPU.Build.0 = Release|Any CPU
		{CFEE96F2-03AF-48CA-AC28-C5EBA6964499}.Debug|Any CPU.ActiveCfg = Debug|Any CPU
		{CFEE96F2-03AF-48CA-AC28-C5EBA6964499}.Debug|Any CPU.Build.0 = Debug|Any CPU
		{CFEE96F2-03AF-48CA-AC28-C5EBA6964499}.Release|Any CPU.ActiveCfg = Release|Any CPU
		{CFEE96F2-03AF-48CA-AC28-C5EBA6964499}.Release|Any CPU.Build.0 = Release|Any CPU
		{0A2C46C0-E777-403B-B732-0FAE5FE3DADD}.Debug|Any CPU.ActiveCfg = Debug|Any CPU
		{0A2C46C0-E777-403B-B732-0FAE5FE3DADD}.Debug|Any CPU.Build.0 = Debug|Any CPU
		{0A2C46C0-E777-403B-B732-0FAE5FE3DADD}.Release|Any CPU.ActiveCfg = Release|Any CPU
		{0A2C46C0-E777-403B-B732-0FAE5FE3DADD}.Release|Any CPU.Build.0 = Release|Any CPU
	EndGlobalSection
	GlobalSection(SolutionProperties) = preSolution
		HideSolutionNode = FALSE
	EndGlobalSection
	GlobalSection(ExtensibilityGlobals) = postSolution
		SolutionGuid = {0F63BAF9-3034-436C-B486-A35BBBF3AA1C}
	EndGlobalSection
EndGlobal
